{
    "_meta": {
        "host-environment-markers": {
            "implements": "CPython",
            "platform": "linux",
            "python_full_version": "3.12.0",
            "python_version": "3.12",
            "sys_platform": "linux"
        },
        "pipfile-spec": "1.5",
        "sources": [{"name": "pypi", "url": "https://pypi.org/simple", "verify_ssl": true}]
    },
    "default": {
        "Flask": {
            "hashes": ["sha256:4efe4321489bb4d316d191e635d4c67e9d5cd4f90b9e3060f9b06ea3e6a5b3f0"],
            "version": "==0.12.2"
        },
        "urllib3": {
            "hashes": ["sha256:8f2efd0d3bf134f038f8233e1a8af857b8a8d8d3dc85b12e70d9df1d8d586d9c"],
            "version": "==1.26.5"
        },
        "cryptography": {
            "hashes": ["sha256:dc26bb134452132b5c9b2a0b1b8d8f5d5a2d2d5a9c5a4e5e5b5c5e5f5e5f5e5f"],
            "version": "==2.1.4"
        },
        "requests": {
            "hashes": ["sha256:27973dd4a094ea98bba6dd67d5f0e2f09c4f16d3dd5dd45e7e96d0c8e7f5e5f5"],
            "version": "==2.25.1"
        }
    }
}
